// !$*UTF8*$!
{
	archiveVersion = 1;
	classes = {
	};
	objectVersion = 50;
	objects = {

/* Begin PBXBuildFile section */
		52B6EBCE25B96ADC00FCC516 /* CovidNearMe.xcdatamodeld in Sources */ = {isa = PBXBuildFile; fileRef = 52B6EBB825B96ADA00FCC516 /* CovidNearMe.xcdatamodeld */; };
		52B6EBCF25B96ADC00FCC516 /* CovidNearMe.xcdatamodeld in Sources */ = {isa = PBXBuildFile; fileRef = 52B6EBB825B96ADA00FCC516 /* CovidNearMe.xcdatamodeld */; };
		52B6EBD025B96ADC00FCC516 /* CovidNearMeApp.swift in Sources */ = {isa = PBXBuildFile; fileRef = 52B6EBBA25B96ADA00FCC516 /* CovidNearMeApp.swift */; };
		52B6EBD125B96ADC00FCC516 /* CovidNearMeApp.swift in Sources */ = {isa = PBXBuildFile; fileRef = 52B6EBBA25B96ADA00FCC516 /* CovidNearMeApp.swift */; };
		52B6EBD225B96ADC00FCC516 /* ContentView.swift in Sources */ = {isa = PBXBuildFile; fileRef = 52B6EBBB25B96ADA00FCC516 /* ContentView.swift */; };
		52B6EBD325B96ADC00FCC516 /* ContentView.swift in Sources */ = {isa = PBXBuildFile; fileRef = 52B6EBBB25B96ADA00FCC516 /* ContentView.swift */; };
		52B6EBD425B96ADC00FCC516 /* Persistence.swift in Sources */ = {isa = PBXBuildFile; fileRef = 52B6EBBC25B96ADA00FCC516 /* Persistence.swift */; };
		52B6EBD525B96ADC00FCC516 /* Persistence.swift in Sources */ = {isa = PBXBuildFile; fileRef = 52B6EBBC25B96ADA00FCC516 /* Persistence.swift */; };
		52B6EBD625B96ADC00FCC516 /* Assets.xcassets in Resources */ = {isa = PBXBuildFile; fileRef = 52B6EBBD25B96ADC00FCC516 /* Assets.xcassets */; };
		52B6EBD725B96ADC00FCC516 /* Assets.xcassets in Resources */ = {isa = PBXBuildFile; fileRef = 52B6EBBD25B96ADC00FCC516 /* Assets.xcassets */; };
/* End PBXBuildFile section */

/* Begin PBXFileReference section */
		52B6EBB925B96ADA00FCC516 /* Shared.xcdatamodel */ = {isa = PBXFileReference; lastKnownFileType = wrapper.xcdatamodel; path = Shared.xcdatamodel; sourceTree = "<group>"; };
		52B6EBBA25B96ADA00FCC516 /* CovidNearMeApp.swift */ = {isa = PBXFileReference; lastKnownFileType = sourcecode.swift; path = CovidNearMeApp.swift; sourceTree = "<group>"; };
		52B6EBBB25B96ADA00FCC516 /* ContentView.swift */ = {isa = PBXFileReference; lastKnownFileType = sourcecode.swift; path = ContentView.swift; sourceTree = "<group>"; };
		52B6EBBC25B96ADA00FCC516 /* Persistence.swift */ = {isa = PBXFileReference; lastKnownFileType = sourcecode.swift; path = Persistence.swift; sourceTree = "<group>"; };
		52B6EBBD25B96ADC00FCC516 /* Assets.xcassets */ = {isa = PBXFileReference; lastKnownFileType = folder.assetcatalog; path = Assets.xcassets; sourceTree = "<group>"; };
		52B6EBC225B96ADC00FCC516 /* CovidNearMe.app */ = {isa = PBXFileReference; explicitFileType = wrapper.application; includeInIndex = 0; path = CovidNearMe.app; sourceTree = BUILT_PRODUCTS_DIR; };
		52B6EBC525B96ADC00FCC516 /* Info.plist */ = {isa = PBXFileReference; lastKnownFileType = text.plist.xml; path = Info.plist; sourceTree = "<group>"; };
		52B6EBCA25B96ADC00FCC516 /* CovidNearMe.app */ = {isa = PBXFileReference; explicitFileType = wrapper.application; includeInIndex = 0; path = CovidNearMe.app; sourceTree = BUILT_PRODUCTS_DIR; };
		52B6EBCC25B96ADC00FCC516 /* Info.plist */ = {isa = PBXFileReference; lastKnownFileType = text.plist.xml; path = Info.plist; sourceTree = "<group>"; };
		52B6EBCD25B96ADC00FCC516 /* macOS.entitlements */ = {isa = PBXFileReference; lastKnownFileType = text.plist.entitlements; path = macOS.entitlements; sourceTree = "<group>"; };
/* End PBXFileReference section */

/* Begin PBXFrameworksBuildPhase section */
		52B6EBBF25B96ADC00FCC516 /* Frameworks */ = {
			isa = PBXFrameworksBuildPhase;
			buildActionMask = 2147483647;
			files = (
			);
			runOnlyForDeploymentPostprocessing = 0;
		};
		52B6EBC725B96ADC00FCC516 /* Frameworks */ = {
			isa = PBXFrameworksBuildPhase;
			buildActionMask = 2147483647;
			files = (
			);
			runOnlyForDeploymentPostprocessing = 0;
		};
/* End PBXFrameworksBuildPhase section */

/* Begin PBXGroup section */
		52B6EBB225B96ADA00FCC516 = {
			isa = PBXGroup;
			children = (
				52B6EBB725B96ADA00FCC516 /* Shared */,
				52B6EBC425B96ADC00FCC516 /* iOS */,
				52B6EBCB25B96ADC00FCC516 /* macOS */,
				52B6EBC325B96ADC00FCC516 /* Products */,
			);
			sourceTree = "<group>";
		};
		52B6EBB725B96ADA00FCC516 /* Shared */ = {
			isa = PBXGroup;
			children = (
				52B6EBBA25B96ADA00FCC516 /* CovidNearMeApp.swift */,
				52B6EBBB25B96ADA00FCC516 /* ContentView.swift */,
				52B6EBBC25B96ADA00FCC516 /* Persistence.swift */,
				52B6EBBD25B96ADC00FCC516 /* Assets.xcassets */,
				52B6EBB825B96ADA00FCC516 /* CovidNearMe.xcdatamodeld */,
			);
			path = Shared;
			sourceTree = "<group>";
		};
		52B6EBC325B96ADC00FCC516 /* Products */ = {
			isa = PBXGroup;
			children = (
				52B6EBC225B96ADC00FCC516 /* CovidNearMe.app */,
				52B6EBCA25B96ADC00FCC516 /* CovidNearMe.app */,
			);
			name = Products;
			sourceTree = "<group>";
		};
		52B6EBC425B96ADC00FCC516 /* iOS */ = {
			isa = PBXGroup;
			children = (
				52B6EBC525B96ADC00FCC516 /* Info.plist */,
			);
			path = iOS;
			sourceTree = "<group>";
		};
		52B6EBCB25B96ADC00FCC516 /* macOS */ = {
			isa = PBXGroup;
			children = (
				52B6EBCC25B96ADC00FCC516 /* Info.plist */,
				52B6EBCD25B96ADC00FCC516 /* macOS.entitlements */,
			);
			path = macOS;
			sourceTree = "<group>";
		};
/* End PBXGroup section */

/* Begin PBXNativeTarget section */
		52B6EBC125B96ADC00FCC516 /* CovidNearMe (iOS) */ = {
			isa = PBXNativeTarget;
			buildConfigurationList = 52B6EBDA25B96ADC00FCC516 /* Build configuration list for PBXNativeTarget "CovidNearMe (iOS)" */;
			buildPhases = (
				52B6EBBE25B96ADC00FCC516 /* Sources */,
				52B6EBBF25B96ADC00FCC516 /* Frameworks */,
				52B6EBC025B96ADC00FCC516 /* Resources */,
			);
			buildRules = (
			);
			dependencies = (
			);
			name = "CovidNearMe (iOS)";
			productName = "CovidNearMe (iOS)";
			productReference = 52B6EBC225B96ADC00FCC516 /* CovidNearMe.app */;
			productType = "com.apple.product-type.application";
		};
		52B6EBC925B96ADC00FCC516 /* CovidNearMe (macOS) */ = {
			isa = PBXNativeTarget;
			buildConfigurationList = 52B6EBDD25B96ADC00FCC516 /* Build configuration list for PBXNativeTarget "CovidNearMe (macOS)" */;
			buildPhases = (
				52B6EBC625B96ADC00FCC516 /* Sources */,
				52B6EBC725B96ADC00FCC516 /* Frameworks */,
				52B6EBC825B96ADC00FCC516 /* Resources */,
			);
			buildRules = (
			);
			dependencies = (
			);
			name = "CovidNearMe (macOS)";
			productName = "CovidNearMe (macOS)";
			productReference = 52B6EBCA25B96ADC00FCC516 /* CovidNearMe.app */;
			productType = "com.apple.product-type.application";
		};
/* End PBXNativeTarget section */

/* Begin PBXProject section */
		52B6EBB325B96ADA00FCC516 /* Project object */ = {
			isa = PBXProject;
			attributes = {
				LastSwiftUpdateCheck = 1230;
				LastUpgradeCheck = 1230;
				TargetAttributes = {
					52B6EBC125B96ADC00FCC516 = {
						CreatedOnToolsVersion = 12.3;
					};
					52B6EBC925B96ADC00FCC516 = {
						CreatedOnToolsVersion = 12.3;
					};
				};
			};
			buildConfigurationList = 52B6EBB625B96ADA00FCC516 /* Build configuration list for PBXProject "CovidNearMe" */;
			compatibilityVersion = "Xcode 9.3";
			developmentRegion = en;
			hasScannedForEncodings = 0;
			knownRegions = (
				en,
				Base,
			);
			mainGroup = 52B6EBB225B96ADA00FCC516;
			productRefGroup = 52B6EBC325B96ADC00FCC516 /* Products */;
			projectDirPath = "";
			projectRoot = "";
			targets = (
				52B6EBC125B96ADC00FCC516 /* CovidNearMe (iOS) */,
				52B6EBC925B96ADC00FCC516 /* CovidNearMe (macOS) */,
			);
		};
/* End PBXProject section */

/* Begin PBXResourcesBuildPhase section */
		52B6EBC025B96ADC00FCC516 /* Resources */ = {
			isa = PBXResourcesBuildPhase;
			buildActionMask = 2147483647;
			files = (
				52B6EBD625B96ADC00FCC516 /* Assets.xcassets in Resources */,
			);
			runOnlyForDeploymentPostprocessing = 0;
		};
		52B6EBC825B96ADC00FCC516 /* Resources */ = {
			isa = PBXResourcesBuildPhase;
			buildActionMask = 2147483647;
			files = (
				52B6EBD725B96ADC00FCC516 /* Assets.xcassets in Resources */,
			);
			runOnlyForDeploymentPostprocessing = 0;
		};
/* End PBXResourcesBuildPhase section */

/* Begin PBXSourcesBuildPhase section */
		52B6EBBE25B96ADC00FCC516 /* Sources */ = {
			isa = PBXSourcesBuildPhase;
			buildActionMask = 2147483647;
			files = (
				52B6EBCE25B96ADC00FCC516 /* CovidNearMe.xcdatamodeld in Sources */,
				52B6EBD425B96ADC00FCC516 /* Persistence.swift in Sources */,
				52B6EBD025B96ADC00FCC516 /* CovidNearMeApp.swift in Sources */,
				52B6EBD225B96ADC00FCC516 /* ContentView.swift in Sources */,
			);
			runOnlyForDeploymentPostprocessing = 0;
		};
		52B6EBC625B96ADC00FCC516 /* Sources */ = {
			isa = PBXSourcesBuildPhase;
			buildActionMask = 2147483647;
			files = (
				52B6EBCF25B96ADC00FCC516 /* CovidNearMe.xcdatamodeld in Sources */,
				52B6EBD525B96ADC00FCC516 /* Persistence.swift in Sources */,
				52B6EBD125B96ADC00FCC516 /* CovidNearMeApp.swift in Sources */,
				52B6EBD325B96ADC00FCC516 /* ContentView.swift in Sources */,
			);
			runOnlyForDeploymentPostprocessing = 0;
		};
/* End PBXSourcesBuildPhase section */

/* Begin XCBuildConfiguration section */
		52B6EBD825B96ADC00FCC516 /* Debug */ = {
			isa = XCBuildConfiguration;
			buildSettings = {
				ALWAYS_SEARCH_USER_PATHS = NO;
				CLANG_ANALYZER_NONNULL = YES;
				CLANG_ANALYZER_NUMBER_OBJECT_CONVERSION = YES_AGGRESSIVE;
				CLANG_CXX_LANGUAGE_STANDARD = "gnu++14";
				CLANG_CXX_LIBRARY = "libc++";
				CLANG_ENABLE_MODULES = YES;
				CLANG_ENABLE_OBJC_ARC = YES;
				CLANG_ENABLE_OBJC_WEAK = YES;
				CLANG_WARN_BLOCK_CAPTURE_AUTORELEASING = YES;
				CLANG_WARN_BOOL_CONVERSION = YES;
				CLANG_WARN_COMMA = YES;
				CLANG_WARN_CONSTANT_CONVERSION = YES;
				CLANG_WARN_DEPRECATED_OBJC_IMPLEMENTATIONS = YES;
				CLANG_WARN_DIRECT_OBJC_ISA_USAGE = YES_ERROR;
				CLANG_WARN_DOCUMENTATION_COMMENTS = YES;
				CLANG_WARN_EMPTY_BODY = YES;
				CLANG_WARN_ENUM_CONVERSION = YES;
				CLANG_WARN_INFINITE_RECURSION = YES;
				CLANG_WARN_INT_CONVERSION = YES;
				CLANG_WARN_NON_LITERAL_NULL_CONVERSION = YES;
				CLANG_WARN_OBJC_IMPLICIT_RETAIN_SELF = YES;
				CLANG_WARN_OBJC_LITERAL_CONVERSION = YES;
				CLANG_WARN_OBJC_ROOT_CLASS = YES_ERROR;
				CLANG_WARN_QUOTED_INCLUDE_IN_FRAMEWORK_HEADER = YES;
				CLANG_WARN_RANGE_LOOP_ANALYSIS = YES;
				CLANG_WARN_STRICT_PROTOTYPES = YES;
				CLANG_WARN_SUSPICIOUS_MOVE = YES;
				CLANG_WARN_UNGUARDED_AVAILABILITY = YES_AGGRESSIVE;
				CLANG_WARN_UNREACHABLE_CODE = YES;
				CLANG_WARN__DUPLICATE_METHOD_MATCH = YES;
				COPY_PHASE_STRIP = NO;
				DEBUG_INFORMATION_FORMAT = dwarf;
				ENABLE_STRICT_OBJC_MSGSEND = YES;
				ENABLE_TESTABILITY = YES;
				GCC_C_LANGUAGE_STANDARD = gnu11;
				GCC_DYNAMIC_NO_PIC = NO;
				GCC_NO_COMMON_BLOCKS = YES;
				GCC_OPTIMIZATION_LEVEL = 0;
				GCC_PREPROCESSOR_DEFINITIONS = (
					"DEBUG=1",
					"$(inherited)",
				);
				GCC_WARN_64_TO_32_BIT_CONVERSION = YES;
				GCC_WARN_ABOUT_RETURN_TYPE = YES_ERROR;
				GCC_WARN_UNDECLARED_SELECTOR = YES;
				GCC_WARN_UNINITIALIZED_AUTOS = YES_AGGRESSIVE;
				GCC_WARN_UNUSED_FUNCTION = YES;
				GCC_WARN_UNUSED_VARIABLE = YES;
				MTL_ENABLE_DEBUG_INFO = INCLUDE_SOURCE;
				MTL_FAST_MATH = YES;
				ONLY_ACTIVE_ARCH = YES;
				SWIFT_ACTIVE_COMPILATION_CONDITIONS = DEBUG;
				SWIFT_OPTIMIZATION_LEVEL = "-Onone";
			};
			name = Debug;
		};
		52B6EBD925B96ADC00FCC516 /* Release */ = {
			isa = XCBuildConfiguration;
			buildSettings = {
				ALWAYS_SEARCH_USER_PATHS = NO;
				CLANG_ANALYZER_NONNULL = YES;
				CLANG_ANALYZER_NUMBER_OBJECT_CONVERSION = YES_AGGRESSIVE;
				CLANG_CXX_LANGUAGE_STANDARD = "gnu++14";
				CLANG_CXX_LIBRARY = "libc++";
				CLANG_ENABLE_MODULES = YES;
				CLANG_ENABLE_OBJC_ARC = YES;
				CLANG_ENABLE_OBJC_WEAK = YES;
				CLANG_WARN_BLOCK_CAPTURE_AUTORELEASING = YES;
				CLANG_WARN_BOOL_CONVERSION = YES;
				CLANG_WARN_COMMA = YES;
				CLANG_WARN_CONSTANT_CONVERSION = YES;
				CLANG_WARN_DEPRECATED_OBJC_IMPLEMENTATIONS = YES;
				CLANG_WARN_DIRECT_OBJC_ISA_USAGE = YES_ERROR;
				CLANG_WARN_DOCUMENTATION_COMMENTS = YES;
				CLANG_WARN_EMPTY_BODY = YES;
				CLANG_WARN_ENUM_CONVERSION = YES;
				CLANG_WARN_INFINITE_RECURSION = YES;
				CLANG_WARN_INT_CONVERSION = YES;
				CLANG_WARN_NON_LITERAL_NULL_CONVERSION = YES;
				CLANG_WARN_OBJC_IMPLICIT_RETAIN_SELF = YES;
				CLANG_WARN_OBJC_LITERAL_CONVERSION = YES;
				CLANG_WARN_OBJC_ROOT_CLASS = YES_ERROR;
				CLANG_WARN_QUOTED_INCLUDE_IN_FRAMEWORK_HEADER = YES;
				CLANG_WARN_RANGE_LOOP_ANALYSIS = YES;
				CLANG_WARN_STRICT_PROTOTYPES = YES;
				CLANG_WARN_SUSPICIOUS_MOVE = YES;
				CLANG_WARN_UNGUARDED_AVAILABILITY = YES_AGGRESSIVE;
				CLANG_WARN_UNREACHABLE_CODE = YES;
				CLANG_WARN__DUPLICATE_METHOD_MATCH = YES;
				COPY_PHASE_STRIP = NO;
				DEBUG_INFORMATION_FORMAT = "dwarf-with-dsym";
				ENABLE_NS_ASSERTIONS = NO;
				ENABLE_STRICT_OBJC_MSGSEND = YES;
				GCC_C_LANGUAGE_STANDARD = gnu11;
				GCC_NO_COMMON_BLOCKS = YES;
				GCC_WARN_64_TO_32_BIT_CONVERSION = YES;
				GCC_WARN_ABOUT_RETURN_TYPE = YES_ERROR;
				GCC_WARN_UNDECLARED_SELECTOR = YES;
				GCC_WARN_UNINITIALIZED_AUTOS = YES_AGGRESSIVE;
				GCC_WARN_UNUSED_FUNCTION = YES;
				GCC_WARN_UNUSED_VARIABLE = YES;
				MTL_ENABLE_DEBUG_INFO = NO;
				MTL_FAST_MATH = YES;
				SWIFT_COMPILATION_MODE = wholemodule;
				SWIFT_OPTIMIZATION_LEVEL = "-O";
			};
			name = Release;
		};
		52B6EBDB25B96ADC00FCC516 /* Debug */ = {
			isa = XCBuildConfiguration;
			buildSettings = {
				ASSETCATALOG_COMPILER_APPICON_NAME = AppIcon;
				ASSETCATALOG_COMPILER_GLOBAL_ACCENT_COLOR_NAME = AccentColor;
				CODE_SIGN_STYLE = Automatic;
				DEVELOPMENT_TEAM = ERY7288KQK;
				ENABLE_PREVIEWS = YES;
				INFOPLIST_FILE = iOS/Info.plist;
				IPHONEOS_DEPLOYMENT_TARGET = 14.0;
				LD_RUNPATH_SEARCH_PATHS = (
					"$(inherited)",
					"@executable_path/Frameworks",
				);
				PRODUCT_BUNDLE_IDENTIFIER = com.ariehendrikse.CovidNearMe;
				PRODUCT_NAME = CovidNearMe;
				SDKROOT = iphoneos;
				SWIFT_VERSION = 5.0;
				TARGETED_DEVICE_FAMILY = "1,2";
			};
			name = Debug;
		};
		52B6EBDC25B96ADC00FCC516 /* Release */ = {
			isa = XCBuildConfiguration;
			buildSettings = {
				ASSETCATALOG_COMPILER_APPICON_NAME = AppIcon;
				ASSETCATALOG_COMPILER_GLOBAL_ACCENT_COLOR_NAME = AccentColor;
				CODE_SIGN_STYLE = Automatic;
				DEVELOPMENT_TEAM = ERY7288KQK;
				ENABLE_PREVIEWS = YES;
				INFOPLIST_FILE = iOS/Info.plist;
				IPHONEOS_DEPLOYMENT_TARGET = 14.0;
				LD_RUNPATH_SEARCH_PATHS = (
					"$(inherited)",
					"@executable_path/Frameworks",
				);
				PRODUCT_BUNDLE_IDENTIFIER = com.ariehendrikse.CovidNearMe;
				PRODUCT_NAME = CovidNearMe;
				SDKROOT = iphoneos;
				SWIFT_VERSION = 5.0;
				TARGETED_DEVICE_FAMILY = "1,2";
				VALIDATE_PRODUCT = YES;
			};
			name = Release;
		};
		52B6EBDE25B96ADC00FCC516 /* Debug */ = {
			isa = XCBuildConfiguration;
			buildSettings = {
				ASSETCATALOG_COMPILER_APPICON_NAME = AppIcon;
				ASSETCATALOG_COMPILER_GLOBAL_ACCENT_COLOR_NAME = AccentColor;
				CODE_SIGN_ENTITLEMENTS = macOS/macOS.entitlements;
				CODE_SIGN_STYLE = Automatic;
				COMBINE_HIDPI_IMAGES = YES;
				DEVELOPMENT_TEAM = ERY7288KQK;
				ENABLE_HARDENED_RUNTIME = YES;
				ENABLE_PREVIEWS = YES;
				INFOPLIST_FILE = macOS/Info.plist;
				LD_RUNPATH_SEARCH_PATHS = (
					"$(inherited)",
					"@executable_path/../Frameworks",
				);
				MACOSX_DEPLOYMENT_TARGET = 11.0;
				PRODUCT_BUNDLE_IDENTIFIER = com.ariehendrikse.CovidNearMe;
				PRODUCT_NAME = CovidNearMe;
				SDKROOT = macosx;
				SWIFT_VERSION = 5.0;
			};
			name = Debug;
		};
		52B6EBDF25B96ADC00FCC516 /* Release */ = {
			isa = XCBuildConfiguration;
			buildSettings = {
				ASSETCATALOG_COMPILER_APPICON_NAME = AppIcon;
				ASSETCATALOG_COMPILER_GLOBAL_ACCENT_COLOR_NAME = AccentColor;
				CODE_SIGN_ENTITLEMENTS = macOS/macOS.entitlements;
				CODE_SIGN_STYLE = Automatic;
				COMBINE_HIDPI_IMAGES = YES;
				DEVELOPMENT_TEAM = ERY7288KQK;
				ENABLE_HARDENED_RUNTIME = YES;
				ENABLE_PREVIEWS = YES;
				INFOPLIST_FILE = macOS/Info.plist;
				LD_RUNPATH_SEARCH_PATHS = (
					"$(inherited)",
					"@executable_path/../Frameworks",
				);
				MACOSX_DEPLOYMENT_TARGET = 11.0;
				PRODUCT_BUNDLE_IDENTIFIER = com.ariehendrikse.CovidNearMe;
				PRODUCT_NAME = CovidNearMe;
				SDKROOT = macosx;
				SWIFT_VERSION = 5.0;
			};
			name = Release;
		};
/* End XCBuildConfiguration section */

/* Begin XCConfigurationList section */
		52B6EBB625B96ADA00FCC516 /* Build configuration list for PBXProject "CovidNearMe" */ = {
			isa = XCConfigurationList;
			buildConfigurations = (
				52B6EBD825B96ADC00FCC516 /* Debug */,
				52B6EBD925B96ADC00FCC516 /* Release */,
			);
			defaultConfigurationIsVisible = 0;
			defaultConfigurationName = Release;
		};
		52B6EBDA25B96ADC00FCC516 /* Build configuration list for PBXNativeTarget "CovidNearMe (iOS)" */ = {
			isa = XCConfigurationList;
			buildConfigurations = (
				52B6EBDB25B96ADC00FCC516 /* Debug */,
				52B6EBDC25B96ADC00FCC516 /* Release */,
			);
			defaultConfigurationIsVisible = 0;
			defaultConfigurationName = Release;
		};
		52B6EBDD25B96ADC00FCC516 /* Build configuration list for PBXNativeTarget "CovidNearMe (macOS)" */ = {
			isa = XCConfigurationList;
			buildConfigurations = (
				52B6EBDE25B96ADC00FCC516 /* Debug */,
				52B6EBDF25B96ADC00FCC516 /* Release */,
			);
			defaultConfigurationIsVisible = 0;
			defaultConfigurationName = Release;
		};
/* End XCConfigurationList section */

/* Begin XCVersionGroup section */
		52B6EBB825B96ADA00FCC516 /* CovidNearMe.xcdatamodeld */ = {
			isa = XCVersionGroup;
			children = (
				52B6EBB925B96ADA00FCC516 /* Shared.xcdatamodel */,
			);
			currentVersion = 52B6EBB925B96ADA00FCC516 /* Shared.xcdatamodel */;
			path = CovidNearMe.xcdatamodeld;
			sourceTree = "<group>";
			versionGroupType = wrapper.xcdatamodel;
		};
/* End XCVersionGroup section */
	};
	rootObject = 52B6EBB325B96ADA00FCC516 /* Project object */;
}
